
Microsoft Visual Studio Solution File, Format Version 12.00
# Visual Studio Version 17
VisualStudioVersion = 17.4.33205.214
MinimumVisualStudioVersion = 10.0.40219.1
Project("{9A19103F-16F7-4668-BE54-9A1E7A4F7556}") = "Lururen.Testing", "lururen.Testing\Lururen.Testing.csproj", "{939A562F-150F-492E-A732-7F40E76A6F67}"
EndProject
Project("{9A19103F-16F7-4668-BE54-9A1E7A4F7556}") = "Lururen.Net", "lururen.Net\Lururen.Net.csproj", "{D6276DB3-B5F5-4D83-B02E-707D39B3707B}"
EndProject
Project("{9A19103F-16F7-4668-BE54-9A1E7A4F7556}") = "Lururen.Core", "lururen.Core\Lururen.Core.csproj", "{255573F6-4A67-4B71-901E-4CF524FAFBC4}"
EndProject
Global
	GlobalSection(SolutionConfigurationPlatforms) = preSolution
		Debug|Any CPU = Debug|Any CPU
		Debug|x64 = Debug|x64
		Debug|x86 = Debug|x86
		Release|Any CPU = Release|Any CPU
		Release|x64 = Release|x64
		Release|x86 = Release|x86
	EndGlobalSection
	GlobalSection(ProjectConfigurationPlatforms) = postSolution
		{939A562F-150F-492E-A732-7F40E76A6F67}.Debug|Any CPU.ActiveCfg = Debug|Any CPU
		{939A562F-150F-492E-A732-7F40E76A6F67}.Debug|Any CPU.Build.0 = Debug|Any CPU
		{939A562F-150F-492E-A732-7F40E76A6F67}.Debug|x64.ActiveCfg = Debug|Any CPU
		{939A562F-150F-492E-A732-7F40E76A6F67}.Debug|x64.Build.0 = Debug|Any CPU
		{939A562F-150F-492E-A732-7F40E76A6F67}.Debug|x86.ActiveCfg = Debug|Any CPU
		{939A562F-150F-492E-A732-7F40E76A6F67}.Debug|x86.Build.0 = Debug|Any CPU
		{939A562F-150F-492E-A732-7F40E76A6F67}.Release|Any CPU.ActiveCfg = Release|Any CPU
		{939A562F-150F-492E-A732-7F40E76A6F67}.Release|Any CPU.Build.0 = Release|Any CPU
		{939A562F-150F-492E-A732-7F40E76A6F67}.Release|x64.ActiveCfg = Release|Any CPU
		{939A562F-150F-492E-A732-7F40E76A6F67}.Release|x64.Build.0 = Release|Any CPU
		{939A562F-150F-492E-A732-7F40E76A6F67}.Release|x86.ActiveCfg = Release|Any CPU
		{939A562F-150F-492E-A732-7F40E76A6F67}.Release|x86.Build.0 = Release|Any CPU
		{D6276DB3-B5F5-4D83-B02E-707D39B3707B}.Debug|Any CPU.ActiveCfg = Debug|Any CPU
		{D6276DB3-B5F5-4D83-B02E-707D39B3707B}.Debug|Any CPU.Build.0 = Debug|Any CPU
		{D6276DB3-B5F5-4D83-B02E-707D39B3707B}.Debug|x64.ActiveCfg = Debug|Any CPU
		{D6276DB3-B5F5-4D83-B02E-707D39B3707B}.Debug|x64.Build.0 = Debug|Any CPU
		{D6276DB3-B5F5-4D83-B02E-707D39B3707B}.Debug|x86.ActiveCfg = Debug|Any CPU
		{D6276DB3-B5F5-4D83-B02E-707D39B3707B}.Debug|x86.Build.0 = Debug|Any CPU
		{D6276DB3-B5F5-4D83-B02E-707D39B3707B}.Release|Any CPU.ActiveCfg = Release|Any CPU
		{D6276DB3-B5F5-4D83-B02E-707D39B3707B}.Release|Any CPU.Build.0 = Release|Any CPU
		{D6276DB3-B5F5-4D83-B02E-707D39B3707B}.Release|x64.ActiveCfg = Release|Any CPU
		{D6276DB3-B5F5-4D83-B02E-707D39B3707B}.Release|x64.Build.0 = Release|Any CPU
		{D6276DB3-B5F5-4D83-B02E-707D39B3707B}.Release|x86.ActiveCfg = Release|Any CPU
		{D6276DB3-B5F5-4D83-B02E-707D39B3707B}.Release|x86.Build.0 = Release|Any CPU
		{255573F6-4A67-4B71-901E-4CF524FAFBC4}.Debug|Any CPU.ActiveCfg = Debug|Any CPU
		{255573F6-4A67-4B71-901E-4CF524FAFBC4}.Debug|Any CPU.Build.0 = Debug|Any CPU
		{255573F6-4A67-4B71-901E-4CF524FAFBC4}.Debug|x64.ActiveCfg = Debug|Any CPU
		{255573F6-4A67-4B71-901E-4CF524FAFBC4}.Debug|x64.Build.0 = Debug|Any CPU
		{255573F6-4A67-4B71-901E-4CF524FAFBC4}.Debug|x86.ActiveCfg = Debug|Any CPU
		{255573F6-4A67-4B71-901E-4CF524FAFBC4}.Debug|x86.Build.0 = Debug|Any CPU
		{255573F6-4A67-4B71-901E-4CF524FAFBC4}.Release|Any CPU.ActiveCfg = Release|Any CPU
		{255573F6-4A67-4B71-901E-4CF524FAFBC4}.Release|Any CPU.Build.0 = Release|Any CPU
		{255573F6-4A67-4B71-901E-4CF524FAFBC4}.Release|x64.ActiveCfg = Release|Any CPU
		{255573F6-4A67-4B71-901E-4CF524FAFBC4}.Release|x64.Build.0 = Release|Any CPU
		{255573F6-4A67-4B71-901E-4CF524FAFBC4}.Release|x86.ActiveCfg = Release|Any CPU
		{255573F6-4A67-4B71-901E-4CF524FAFBC4}.Release|x86.Build.0 = Release|Any CPU
	EndGlobalSection
	GlobalSection(SolutionProperties) = preSolution
		HideSolutionNode = FALSE
	EndGlobalSection
	GlobalSection(ExtensibilityGlobals) = postSolution
		SolutionGuid = {F4326AEE-6EAE-4140-BC68-A523F936EB4F}
	EndGlobalSection
EndGlobal
